
Microsoft Visual Studio Solution File, Format Version 12.00
# Visual Studio Version 17
VisualStudioVersion = 17.5.33424.131
MinimumVisualStudioVersion = 10.0.40219.1
Project("{9A19103F-16F7-4668-BE54-9A1E7A4F7556}") = "Flexi-Arm", "Flexi-Arm.csproj", "{AFDDE6E2-54EB-46AE-8E70-BB02BB79F09C}"
EndProject
Project("{2150E333-8FDC-42A3-9474-1A3956D46DE8}") = "Solution Items", "Solution Items", "{57EDF916-20ED-4905-A8E0-DD383F6CBAD9}"
	ProjectSection(SolutionItems) = preProject
		.editorconfig = .editorconfig
	EndProjectSection
EndProject
Global
	GlobalSection(SolutionConfigurationPlatforms) = preSolution
		Debug|Any CPU = Debug|Any CPU
		Release|Any CPU = Release|Any CPU
	EndGlobalSection
	GlobalSection(ProjectConfigurationPlatforms) = postSolution
		{AFDDE6E2-54EB-46AE-8E70-BB02BB79F09C}.Debug|Any CPU.ActiveCfg = Debug|Any CPU
		{AFDDE6E2-54EB-46AE-8E70-BB02BB79F09C}.Debug|Any CPU.Build.0 = Debug|Any CPU
		{AFDDE6E2-54EB-46AE-8E70-BB02BB79F09C}.Release|Any CPU.ActiveCfg = Release|Any CPU
		{AFDDE6E2-54EB-46AE-8E70-BB02BB79F09C}.Release|Any CPU.Build.0 = Release|Any CPU
	EndGlobalSection
	GlobalSection(SolutionProperties) = preSolution
		HideSolutionNode = FALSE
	EndGlobalSection
	GlobalSection(ExtensibilityGlobals) = postSolution
		SolutionGuid = {E2AC1A78-2AFD-4F52-98EB-8248690C32E5}
	EndGlobalSection
EndGlobal
