
Microsoft Visual Studio Solution File, Format Version 12.00
# Visual Studio Version 17
VisualStudioVersion = 17.5.33424.131
MinimumVisualStudioVersion = 10.0.40219.1
Project("{FAE04EC0-301F-11D3-BF4B-00C04F79EFBC}") = "Flexi-Arm", "Flexi-Arm.csproj", "{AFDDE6E2-54EB-46AE-8E70-BB02BB79F09C}"
EndProject
Global
	GlobalSection(SolutionConfigurationPlatforms) = preSolution
		Debug|Any CPU = Debug|Any CPU
		Release|Any CPU = Release|Any CPU
	EndGlobalSection
	GlobalSection(ProjectConfigurationPlatforms) = postSolution
		{AFDDE6E2-54EB-46AE-8E70-BB02BB79F09C}.Debug|Any CPU.ActiveCfg = Debug|Any CPU
		{AFDDE6E2-54EB-46AE-8E70-BB02BB79F09C}.Debug|Any CPU.Build.0 = Debug|Any CPU
		{AFDDE6E2-54EB-46AE-8E70-BB02BB79F09C}.Release|Any CPU.ActiveCfg = Release|Any CPU
		{AFDDE6E2-54EB-46AE-8E70-BB02BB79F09C}.Release|Any CPU.Build.0 = Release|Any CPU
	EndGlobalSection
	GlobalSection(SolutionProperties) = preSolution
		HideSolutionNode = FALSE
	EndGlobalSection
	GlobalSection(ExtensibilityGlobals) = postSolution
		SolutionGuid = {E2AC1A78-2AFD-4F52-98EB-8248690C32E5}
	EndGlobalSection
EndGlobal
